
Microsoft Visual Studio Solution File, Format Version 12.00
# Visual Studio Version 16
VisualStudioVersion = 16.0.30104.148
MinimumVisualStudioVersion = 10.0.40219.1
Project("{FAE04EC0-301F-11D3-BF4B-00C04F79EFBC}") = "ClassLibrary1", "ClassLibrary1\ClassLibrary1.csproj", "{5B3E031F-C8E4-4878-A4EC-68A1B516D38C}"
EndProject
Global
	GlobalSection(SolutionConfigurationPlatforms) = preSolution
		Debug|Any CPU = Debug|Any CPU
		Release|Any CPU = Release|Any CPU
	EndGlobalSection
	GlobalSection(ProjectConfigurationPlatforms) = postSolution
		{5B3E031F-C8E4-4878-A4EC-68A1B516D38C}.Debug|Any CPU.ActiveCfg = Debug|Any CPU
		{5B3E031F-C8E4-4878-A4EC-68A1B516D38C}.Debug|Any CPU.Build.0 = Debug|Any CPU
		{5B3E031F-C8E4-4878-A4EC-68A1B516D38C}.Release|Any CPU.ActiveCfg = Release|Any CPU
		{5B3E031F-C8E4-4878-A4EC-68A1B516D38C}.Release|Any CPU.Build.0 = Release|Any CPU
	EndGlobalSection
	GlobalSection(SolutionProperties) = preSolution
		HideSolutionNode = FALSE
	EndGlobalSection
	GlobalSection(ExtensibilityGlobals) = postSolution
		SolutionGuid = {5450848F-5B12-46A5-83EB-87B85DFCB7CC}
	EndGlobalSection
EndGlobal
